
Microsoft Visual Studio Solution File, Format Version 12.00
# Visual Studio Version 17
VisualStudioVersion = 17.4.33213.308
MinimumVisualStudioVersion = 10.0.40219.1
Project("{FAE04EC0-301F-11D3-BF4B-00C04F79EFBC}") = "HunterDaimonTestProject", "HunterDaimonTestProject.csproj", "{D1DF904E-55F6-41FC-9798-9478EB84B869}"
EndProject
Global
	GlobalSection(SolutionConfigurationPlatforms) = preSolution
		Debug|Any CPU = Debug|Any CPU
		Release|Any CPU = Release|Any CPU
	EndGlobalSection
	GlobalSection(ProjectConfigurationPlatforms) = postSolution
		{D1DF904E-55F6-41FC-9798-9478EB84B869}.Debug|Any CPU.ActiveCfg = Debug|Any CPU
		{D1DF904E-55F6-41FC-9798-9478EB84B869}.Debug|Any CPU.Build.0 = Debug|Any CPU
		{D1DF904E-55F6-41FC-9798-9478EB84B869}.Release|Any CPU.ActiveCfg = Release|Any CPU
		{D1DF904E-55F6-41FC-9798-9478EB84B869}.Release|Any CPU.Build.0 = Release|Any CPU
	EndGlobalSection
	GlobalSection(SolutionProperties) = preSolution
		HideSolutionNode = FALSE
	EndGlobalSection
	GlobalSection(ExtensibilityGlobals) = postSolution
		SolutionGuid = {8E1EEE0E-AE34-4F96-B992-1B1A4E59466D}
	EndGlobalSection
EndGlobal
